{
  "name": "orchestra",
  "version": "1.0.0",
  "lockfileVersion": 3,
  "requires": true,
  "packages": {
    "": {
      "name": "orchestra",
      "version": "1.0.0",
      "license": "ISC",
      "dependencies": {
        "@supabase/supabase-js": "^2.112.4",
        "opencode-ai": "^1.18.22",
        "ws": "^8.18.0"
      },
      "devDependencies": {
        "@playwright/test": "^1.62.1"
      }
    },
    "node_modules/@playwright/test": {
      "version": "1.62.1",
      "resolved": "https://registry.npmjs.org/@playwright/test/-/test-1.62.1.tgz",
      "integrity": "sha512-DTcUc8qii+cpHvtOwggMtBRMjKZHXYWdw8syRYu2vtzuq4Wxphqq4NfCs5Zt44L6mA8rfDfj+PHnxFc/FeK6mQ==",
      "dev": true,
      "license": "Apache-2.0",
      "dependencies": {
        "playwright": "1.62.1"
      },
      "bin": {
        "playwright": "cli.js"
      },
      "engines": {
        "node": ">=20"
      }
    },
    "node_modules/@supabase/auth-js": {
      "version": "2.112.4",
      "resolved": "https://registry.npmjs.org/@supabase/auth-js/-/auth-js-2.112.4.tgz",
      "integrity": "sha512-z8DesgwLzKM5PiT0yNmJU8VJyh1zAhYi+20Z7drdJQLXg/wWW4yGt/un+He5ERYUo94Vz66t5aeyr1DIDemI5A==",
      "license": "MIT",
      "dependencies": {
        "tslib": "2.8.1"
      },
      "engines": {
        "node": ">=22.0.0"
      }
    },
    "node_modules/@supabase/functions-js": {
      "version": "2.112.4",
      "resolved": "https://registry.npmjs.org/@supabase/functions-js/-/functions-js-2.112.4.tgz",
      "integrity": "sha512-DQ0aVH8wSQAccVqNoEkec62qCu2QRNyoGN53RqsVZ1k6F1zq4/v8scrlR6LNT2RJmT97apiTmORijPVhErCS2g==",
      "license": "MIT",
      "dependencies": {
        "tslib": "2.8.1"
      },
      "engines": {
        "node": ">=22.0.0"
      }
    },
    "node_modules/@supabase/phoenix": {
      "version": "0.4.5",
      "resolved": "https://registry.npmjs.org/@supabase/phoenix/-/phoenix-0.4.5.tgz",
      "integrity": "sha512-aAn9H9ovVyeApKy11OWOrrOGq8DV68yWeH4ud2lN9fzn4aO8Zb5GLL9m1pUg9nLqIcT+ZDfAcsZe0E/nqdv2lw==",
      "license": "MIT"
    },
    "node_modules/@supabase/postgrest-js": {
      "version": "2.112.4",
      "resolved": "https://registry.npmjs.org/@supabase/postgrest-js/-/postgrest-js-2.112.4.tgz",
      "integrity": "sha512-uaubtPSeg2TR4wrtfQoQWgkTAe+a0qWX2KhmwvTfNl5mGN9+U7owiJt6abk3o/V6O899PSRD1yzxs5RlF4xTug==",
      "license": "MIT",
      "dependencies": {
        "tslib": "2.8.1"
      },
      "engines": {
        "node": ">=22.0.0"
      }
    },
    "node_modules/@supabase/realtime-js": {
      "version": "2.112.4",
      "resolved": "https://registry.npmjs.org/@supabase/realtime-js/-/realtime-js-2.112.4.tgz",
      "integrity": "sha512-vZ+j079SKrM0Xiq7MJCvQKLDpaH2kfKfLY68xuQE1sqsCsMmx1CyrDBJHsxZ3cX01VOs5SI9igmoZAF3BmdZxw==",
      "license": "MIT",
      "dependencies": {
        "@supabase/phoenix": "0.4.5",
        "tslib": "2.8.1"
      },
      "engines": {
        "node": ">=22.0.0"
      }
    },
    "node_modules/@supabase/storage-js": {
      "version": "2.112.4",
      "resolved": "https://registry.npmjs.org/@supabase/storage-js/-/storage-js-2.112.4.tgz",
      "integrity": "sha512-lQ0JemuTlMIXVKgSci1qez8yPnM5hyDngeAfEBjZS2Om4D+Cus0EE5BE6glFobrxdyii1OF4UzWfF0zcQgDq5A==",
      "license": "MIT",
      "dependencies": {
        "iceberg-js": "^0.8.1",
        "tslib": "2.8.1"
      },
      "engines": {
        "node": ">=22.0.0"
      }
    },
    "node_modules/@supabase/supabase-js": {
      "version": "2.112.4",
      "resolved": "https://registry.npmjs.org/@supabase/supabase-js/-/supabase-js-2.112.4.tgz",
      "integrity": "sha512-UiCX1udlFY1fQQrO7Z3GU7obQsju0w5Vk9mOOwalfo/+Gy+tahWVenSSuu5E/GTy/q//HxvGv2IrCdW66/61kw==",
      "license": "MIT",
      "dependencies": {
        "@supabase/auth-js": "2.112.4",
        "@supabase/functions-js": "2.112.4",
        "@supabase/postgrest-js": "2.112.4",
        "@supabase/realtime-js": "2.112.4",
        "@supabase/storage-js": "2.112.4"
      },
      "engines": {
        "node": ">=22.0.0"
      },
      "peerDependencies": {
        "@opentelemetry/api": ">=1.0.0"
      },
      "peerDependenciesMeta": {
        "@opentelemetry/api": {
          "optional": true
        }
      }
    },
    "node_modules/fsevents": {
      "version": "2.3.2",
      "resolved": "https://registry.npmjs.org/fsevents/-/fsevents-2.3.2.tgz",
      "integrity": "sha512-xiqMQR4xAeHTuB9uWm+fFRcIOgKBMiOBP+eXiyT7jsgVCq1bkVygt00oASowB7EdtpOHaaPgKt812P9ab+DDKA==",
      "dev": true,
      "hasInstallScript": true,
      "license": "MIT",
      "optional": true,
      "os": [
        "darwin"
      ],
      "engines": {
        "node": "^8.16.0 || ^10.6.0 || >=11.0.0"
      }
    },
    "node_modules/iceberg-js": {
      "version": "0.8.1",
      "resolved": "https://registry.npmjs.org/iceberg-js/-/iceberg-js-0.8.1.tgz",
      "integrity": "sha512-1dhVQZXhcHje7798IVM+xoo/1ZdVfzOMIc8/rgVSijRK38EDqOJoGula9N/8ZI5RD8QTxNQtK/Gozpr+qUqRRA==",
      "license": "MIT",
      "engines": {
        "node": ">=20.0.0"
      }
    },
    "node_modules/opencode-ai": {
      "version": "1.18.22",
      "resolved": "https://registry.npmjs.org/opencode-ai/-/opencode-ai-1.18.22.tgz",
      "integrity": "sha512-cSIGgB6tX3P+8k4X2ZzuJ9ojClfo01ou0ck2ocRDNXLfhVJy4XVLk/WCsK/m+Venbz3p2qCNxpAFNb47Gj4tLQ==",
      "cpu": [
        "arm64",
        "x64"
      ],
      "hasInstallScript": true,
      "license": "MIT",
      "os": [
        "darwin",
        "linux",
        "win32"
      ],
      "bin": {
        "opencode": "bin/opencode.exe"
      },
      "optionalDependencies": {
        "opencode-darwin-arm64": "1.18.22",
        "opencode-darwin-x64": "1.18.22",
        "opencode-darwin-x64-baseline": "1.18.22",
        "opencode-linux-arm64": "1.18.22",
        "opencode-linux-arm64-musl": "1.18.22",
        "opencode-linux-x64": "1.18.22",
        "opencode-linux-x64-baseline": "1.18.22",
        "opencode-linux-x64-baseline-musl": "1.18.22",
        "opencode-linux-x64-musl": "1.18.22",
        "opencode-windows-arm64": "1.18.22",
        "opencode-windows-x64": "1.18.22",
        "opencode-windows-x64-baseline": "1.18.22"
      }
    },
    "node_modules/opencode-darwin-arm64": {
      "version": "1.18.22",
      "resolved": "https://registry.npmjs.org/opencode-darwin-arm64/-/opencode-darwin-arm64-1.18.22.tgz",
      "integrity": "sha512-fLqcO85WofzjnEw4FuuC4dUk09F9Ebj8iP26QhM00k1sum2ND7lYhTVfkgYDZweXgaMiceyPFjgxoOLFA/sfBQ==",
      "cpu": [
        "arm64"
      ],
      "optional": true,
      "os": [
        "darwin"
      ]
    },
    "node_modules/opencode-darwin-x64": {
      "version": "1.18.22",
      "resolved": "https://registry.npmjs.org/opencode-darwin-x64/-/opencode-darwin-x64-1.18.22.tgz",
      "integrity": "sha512-FTbkagn7rLv5yXsdYs1LrBzkf8zsVoyvB6JnjONQ88UtmHcJmcymzZlbmM46RdG5ap8x50zDt+v7mieL3+57NA==",
      "cpu": [
        "x64"
      ],
      "optional": true,
      "os": [
        "darwin"
      ]
    },
    "node_modules/opencode-darwin-x64-baseline": {
      "version": "1.18.22",
      "resolved": "https://registry.npmjs.org/opencode-darwin-x64-baseline/-/opencode-darwin-x64-baseline-1.18.22.tgz",
      "integrity": "sha512-OuAaZdn55iz44YufSy5jzq4BtYESHImzcYj9nyS5ePYP3J57DoB/QE5RynQNGJXkpN/7enYlhvhuGiGlLWfPaA==",
      "cpu": [
        "x64"
      ],
      "optional": true,
      "os": [
        "darwin"
      ]
    },
    "node_modules/opencode-linux-arm64": {
      "version": "1.18.22",
      "resolved": "https://registry.npmjs.org/opencode-linux-arm64/-/opencode-linux-arm64-1.18.22.tgz",
      "integrity": "sha512-eYKPWDlGhIIxtUdRZMlp73UGbk6snBYAmemYvPcvg2OCs4nanvpRPPZGPfUUDShsgwUBUpWt+i2GOGTJBTVYdg==",
      "cpu": [
        "arm64"
      ],
      "optional": true,
      "os": [
        "linux"
      ]
    },
    "node_modules/opencode-linux-arm64-musl": {
      "version": "1.18.22",
      "resolved": "https://registry.npmjs.org/opencode-linux-arm64-musl/-/opencode-linux-arm64-musl-1.18.22.tgz",
      "integrity": "sha512-jwayT6RPEFjahMQPg/xaoTwFdAKmfZeeE7pk5GcftHrBALdNfnVulOnYEFgsPCeIReHlT9eqdKLMPXMsP6YQpw==",
      "cpu": [
        "arm64"
      ],
      "optional": true,
      "os": [
        "linux"
      ]
    },
    "node_modules/opencode-linux-x64": {
      "version": "1.18.22",
      "resolved": "https://registry.npmjs.org/opencode-linux-x64/-/opencode-linux-x64-1.18.22.tgz",
      "integrity": "sha512-TFjSVEgEaT0G4bda6x3T/yBjI3tu0o7N6TSBkFZbMeFlTCR6FYvS4QUkPbS9uZlR6PSi/KvyJau83s80PFNIGA==",
      "cpu": [
        "x64"
      ],
      "optional": true,
      "os": [
        "linux"
      ]
    },
    "node_modules/opencode-linux-x64-baseline": {
      "version": "1.18.22",
      "resolved": "https://registry.npmjs.org/opencode-linux-x64-baseline/-/opencode-linux-x64-baseline-1.18.22.tgz",
      "integrity": "sha512-gceBJKo7JvrqNPWnGM3SrbZcsNMZtzAWx3ONrWWwYi4cQ7hInaSzxc5E2G+qPY5vfp64ojedp+RtvZ1DzIVp5g==",
      "cpu": [
        "x64"
      ],
      "optional": true,
      "os": [
        "linux"
      ]
    },
    "node_modules/opencode-linux-x64-baseline-musl": {
      "version": "1.18.22",
      "resolved": "https://registry.npmjs.org/opencode-linux-x64-baseline-musl/-/opencode-linux-x64-baseline-musl-1.18.22.tgz",
      "integrity": "sha512-Mfqi3gAJFzt/1Qc9/j7uYaEmW8Fc3ppPcz4F5USX15c4ShMhfAO4X84CM9zdYUiZV8mFaxwxPq3l6mpxoG8O7g==",
      "cpu": [
        "x64"
      ],
      "optional": true,
      "os": [
        "linux"
      ]
    },
    "node_modules/opencode-linux-x64-musl": {
      "version": "1.18.22",
      "resolved": "https://registry.npmjs.org/opencode-linux-x64-musl/-/opencode-linux-x64-musl-1.18.22.tgz",
      "integrity": "sha512-2ZkR8xsapxYEGxhDqxta/vhcaLsT0oB2U3P7tzznVvG/TX/IlhrAb8LuM2dc98uUaUxlWtG1yiyIclsb781mpg==",
      "cpu": [
        "x64"
      ],
      "optional": true,
      "os": [
        "linux"
      ]
    },
    "node_modules/opencode-windows-arm64": {
      "version": "1.18.22",
      "resolved": "https://registry.npmjs.org/opencode-windows-arm64/-/opencode-windows-arm64-1.18.22.tgz",
      "integrity": "sha512-7319aUnoV3U3n2GZqmdJ0HwrcrM/NMmxEtVJb/Ivm3B0PEoXMCNn/F8+GPVUnq6Ec8XY+24kqfRt8YOoMT4xlQ==",
      "cpu": [
        "arm64"
      ],
      "optional": true,
      "os": [
        "win32"
      ]
    },
    "node_modules/opencode-windows-x64": {
      "version": "1.18.22",
      "resolved": "https://registry.npmjs.org/opencode-windows-x64/-/opencode-windows-x64-1.18.22.tgz",
      "integrity": "sha512-7mf1furLXOosiLjNCtnmZO3Qsw9rsmniYP/SQwbrVK+N/RmgnWCBk8NIVlLYKPNhgzhF1MMtSfmeFDTpvSnHbw==",
      "cpu": [
        "x64"
      ],
      "optional": true,
      "os": [
        "win32"
      ]
    },
    "node_modules/opencode-windows-x64-baseline": {
      "version": "1.18.22",
      "resolved": "https://registry.npmjs.org/opencode-windows-x64-baseline/-/opencode-windows-x64-baseline-1.18.22.tgz",
      "integrity": "sha512-xtmRw530O8o+rat8d6p1KPQWK63WjFjPzFZ8ZJvEoUaEnaQC1xpFMr+Tc8CN9Cr/Mjx/fZcO/vQ8BiIZCUmgBQ==",
      "cpu": [
        "x64"
      ],
      "optional": true,
      "os": [
        "win32"
      ]
    },
    "node_modules/playwright": {
      "version": "1.62.1",
      "resolved": "https://registry.npmjs.org/playwright/-/playwright-1.62.1.tgz",
      "integrity": "sha512-0M+L3LAD8/nm554LOla9Ayx0j0tmFZ0FBcoQ7F1VuVHpM/XpiC8RcDzBQB8W5+hA8L22THxELzeF+2WcUzvcLg==",
      "dev": true,
      "license": "Apache-2.0",
      "dependencies": {
        "playwright-core": "1.62.1"
      },
      "bin": {
        "playwright": "cli.js"
      },
      "engines": {
        "node": ">=20"
      },
      "optionalDependencies": {
        "fsevents": "2.3.2"
      }
    },
    "node_modules/playwright-core": {
      "version": "1.62.1",
      "resolved": "https://registry.npmjs.org/playwright-core/-/playwright-core-1.62.1.tgz",
      "integrity": "sha512-wPYSwEBJY9GHraISXqyqtx0na0LpO3XEX7jNDhntbex7tzUS7kLnZsOlFruFJB4Hi/rhDMjXGqHewDZ68nYZVw==",
      "dev": true,
      "license": "Apache-2.0",
      "bin": {
        "playwright-core": "cli.js"
      },
      "engines": {
        "node": ">=20"
      }
    },
    "node_modules/tslib": {
      "version": "2.8.1",
      "resolved": "https://registry.npmjs.org/tslib/-/tslib-2.8.1.tgz",
      "integrity": "sha512-oJFu94HQb+KVduSUQL7wnpmqnfmLsOA/nAh6b6EH0wCEoK0/mPeXU6c3wKDV83MkOuHPRHtSXKKU99IBazS/2w==",
      "license": "0BSD"
    },
    "node_modules/ws": {
      "version": "8.21.3",
      "resolved": "https://registry.npmjs.org/ws/-/ws-8.21.3.tgz",
      "integrity": "sha512-201TZ/kPWxoPr/OKWjquZR1SWKXcvxdH+e1xrx89b3YbmzLMFCLfnaG1HFIgWzJOEWZ7MvpK++odZufgYR50Rw==",
      "license": "MIT",
      "engines": {
        "node": ">=10.0.0"
      },
      "peerDependencies": {
        "bufferutil": "^4.0.1",
        "utf-8-validate": ">=5.0.2"
      },
      "peerDependenciesMeta": {
        "bufferutil": {
          "optional": true
        },
        "utf-8-validate": {
          "optional": true
        }
      }
    }
  }
}
